
Microsoft Visual Studio Solution File, Format Version 12.00
# Visual Studio Version 16
VisualStudioVersion = 16.0.30621.155
MinimumVisualStudioVersion = 10.0.40219.1
Project("{9A19103F-16F7-4668-BE54-9A1E7A4F7556}") = "HAVI_app", "HAVI_app.csproj", "{E73ABB98-F1F4-4700-A6C5-39DA01C2F6FD}"
EndProject
Project("{9A19103F-16F7-4668-BE54-9A1E7A4F7556}") = "BlazorTable", "..\BlazorTables\BlazorTable.csproj", "{FB235F22-2F7C-4EBD-B5A1-C7590A2E3333}"
EndProject
Project("{FAE04EC0-301F-11D3-BF4B-00C04F79EFBC}") = "HAVI_app.Api", "..\HAVI_app.Api\HAVI_app.Api.csproj", "{96F41B0D-B566-4A92-BB33-E042AB6B6219}"
Project("{FAE04EC0-301F-11D3-BF4B-00C04F79EFBC}") = "HAVI_appTests", "..\HAVI_appTests\HAVI_appTests.csproj", "{39D2AA7A-01B9-4550-96C3-5D6889F6B42C}"
EndProject
Global
	GlobalSection(SolutionConfigurationPlatforms) = preSolution
		Debug|Any CPU = Debug|Any CPU
		Release|Any CPU = Release|Any CPU
	EndGlobalSection
	GlobalSection(ProjectConfigurationPlatforms) = postSolution
		{E73ABB98-F1F4-4700-A6C5-39DA01C2F6FD}.Debug|Any CPU.ActiveCfg = Debug|Any CPU
		{E73ABB98-F1F4-4700-A6C5-39DA01C2F6FD}.Debug|Any CPU.Build.0 = Debug|Any CPU
		{E73ABB98-F1F4-4700-A6C5-39DA01C2F6FD}.Release|Any CPU.ActiveCfg = Release|Any CPU
		{E73ABB98-F1F4-4700-A6C5-39DA01C2F6FD}.Release|Any CPU.Build.0 = Release|Any CPU
		{FB235F22-2F7C-4EBD-B5A1-C7590A2E3333}.Debug|Any CPU.ActiveCfg = Debug|Any CPU
		{FB235F22-2F7C-4EBD-B5A1-C7590A2E3333}.Debug|Any CPU.Build.0 = Debug|Any CPU
		{FB235F22-2F7C-4EBD-B5A1-C7590A2E3333}.Release|Any CPU.ActiveCfg = Release|Any CPU
		{FB235F22-2F7C-4EBD-B5A1-C7590A2E3333}.Release|Any CPU.Build.0 = Release|Any CPU
		{96F41B0D-B566-4A92-BB33-E042AB6B6219}.Debug|Any CPU.ActiveCfg = Debug|Any CPU
		{96F41B0D-B566-4A92-BB33-E042AB6B6219}.Debug|Any CPU.Build.0 = Debug|Any CPU
		{96F41B0D-B566-4A92-BB33-E042AB6B6219}.Release|Any CPU.ActiveCfg = Release|Any CPU
		{96F41B0D-B566-4A92-BB33-E042AB6B6219}.Release|Any CPU.Build.0 = Release|Any CPU
	EndGlobalSection
	GlobalSection(SolutionProperties) = preSolution
		HideSolutionNode = FALSE
	EndGlobalSection
	GlobalSection(ExtensibilityGlobals) = postSolution
		SolutionGuid = {956AFDF9-A832-49E5-9270-72E8CB1CB6A8}
	EndGlobalSection
EndGlobal
