
Microsoft Visual Studio Solution File, Format Version 12.00
# Visual Studio Version 16
VisualStudioVersion = 16.0.30621.155
MinimumVisualStudioVersion = 10.0.40219.1
Project("{9A19103F-16F7-4668-BE54-9A1E7A4F7556}") = "HAVI_app", "HAVI_app.csproj", "{E73ABB98-F1F4-4700-A6C5-39DA01C2F6FD}"
EndProject
Project("{9A19103F-16F7-4668-BE54-9A1E7A4F7556}") = "BlazorTable", "..\BlazorTable\src\BlazorTable\BlazorTable.csproj", "{2886F6E1-11F5-4CF7-BC75-5DCD1FA00F88}"
EndProject
Global
	GlobalSection(SolutionConfigurationPlatforms) = preSolution
		Debug|Any CPU = Debug|Any CPU
		Release|Any CPU = Release|Any CPU
	EndGlobalSection
	GlobalSection(ProjectConfigurationPlatforms) = postSolution
		{E73ABB98-F1F4-4700-A6C5-39DA01C2F6FD}.Debug|Any CPU.ActiveCfg = Debug|Any CPU
		{E73ABB98-F1F4-4700-A6C5-39DA01C2F6FD}.Debug|Any CPU.Build.0 = Debug|Any CPU
		{E73ABB98-F1F4-4700-A6C5-39DA01C2F6FD}.Release|Any CPU.ActiveCfg = Release|Any CPU
		{E73ABB98-F1F4-4700-A6C5-39DA01C2F6FD}.Release|Any CPU.Build.0 = Release|Any CPU
		{2886F6E1-11F5-4CF7-BC75-5DCD1FA00F88}.Debug|Any CPU.ActiveCfg = Debug|Any CPU
		{2886F6E1-11F5-4CF7-BC75-5DCD1FA00F88}.Debug|Any CPU.Build.0 = Debug|Any CPU
		{2886F6E1-11F5-4CF7-BC75-5DCD1FA00F88}.Release|Any CPU.ActiveCfg = Release|Any CPU
		{2886F6E1-11F5-4CF7-BC75-5DCD1FA00F88}.Release|Any CPU.Build.0 = Release|Any CPU
	EndGlobalSection
	GlobalSection(SolutionProperties) = preSolution
		HideSolutionNode = FALSE
	EndGlobalSection
	GlobalSection(ExtensibilityGlobals) = postSolution
		SolutionGuid = {956AFDF9-A832-49E5-9270-72E8CB1CB6A8}
	EndGlobalSection
EndGlobal
